# This file is generated by running "yarn install" inside your project.
# Manual changes might be lost - proceed with caution!

__metadata:
  version: 6
  cacheKey: 8

"@petamoriken/float16@npm:^3.4.7":
  version: 3.8.4
  resolution: "@petamoriken/float16@npm:3.8.4"
  checksum: b9fc36988c9ece375575c918a26879ff126df06c45614fb12cc1b1254df4011b9ea1a22a216ebaecfff1417cd3dc23c5b4d2b6f173ea648b06510d61bd9566b4
  languageName: node
  linkType: hard

"@types/d3-selection@npm:*, @types/d3-selection@npm:^3.0.0":
  version: 3.0.10
  resolution: "@types/d3-selection@npm:3.0.10"
  checksum: 8a1b0940eca565d754c1898b9e4f86e2778e4135878b76b3b8a89d497e37675d423ec3376f248577a502bccb55c1218cc9f6b5688a29a3b500973de8fc5f1c5c
  languageName: node
  linkType: hard

"@types/d3-transition@npm:^3.0.0":
  version: 3.0.8
  resolution: "@types/d3-transition@npm:3.0.8"
  dependencies:
    "@types/d3-selection": "*"
  checksum: 4ff2727f0f2305cbe4fed1ef860a6cac44393607db42e4d0975eb6348338c2c3091b25bc5a1bddd31d7f3e10d1028187f7d271f6e4239d67f485f28c4f076a8b
  languageName: node
  linkType: hard

"@types/rbush@npm:4.0.0":
  version: 4.0.0
  resolution: "@types/rbush@npm:4.0.0"
  checksum: cca697fd43ec2a47bf38048edb5c19ec45bc6184d7d83f029acc295d44b4463902c75310b512ec7b22402fdf88dc4f6f4529effeb3b182fa207ff5040aa3be48
  languageName: node
  linkType: hard

"billboard.js@npm:^3.9.4":
  version: 3.11.2
  resolution: "billboard.js@npm:3.11.2"
  dependencies:
    "@types/d3-selection": ^3.0.0
    "@types/d3-transition": ^3.0.0
    d3-axis: ^3.0.0
    d3-brush: ^3.0.0
    d3-drag: ^3.0.0
    d3-dsv: ^3.0.1
    d3-ease: ^3.0.1
    d3-hierarchy: ^3.1.2
    d3-interpolate: ^3.0.1
    d3-scale: ^4.0.2
    d3-selection: ^3.0.0
    d3-shape: ^3.2.0
    d3-time-format: ^4.1.0
    d3-transition: ^3.0.1
    d3-zoom: ^3.0.0
  checksum: 9c40c4d1802b5a4832beaea4fe64c73175734adacefd2cd039fa0df8688a7174a6c9fd933d6f5be9f7b7afb4f0a7b0fb93f76d6187c3cf77f7bb507b5e4fd789
  languageName: node
  linkType: hard

"color-name@npm:^1.0.0":
  version: 1.1.4
  resolution: "color-name@npm:1.1.4"
  checksum: b0445859521eb4021cd0fb0cc1a75cecf67fceecae89b63f62b201cca8d345baf8b952c966862a9d9a2632987d4f6581f0ec8d957dfacece86f0a7919316f610
  languageName: node
  linkType: hard

"color-parse@npm:^2.0.0":
  version: 2.0.0
  resolution: "color-parse@npm:2.0.0"
  dependencies:
    color-name: ^1.0.0
  checksum: f08abfba0032412fbded1a0d406243dec3c84b59ef60ca99069a868e8d6dc9b757446ce4df6333ad21fde806525d868edefdb14f0bee64c435fc643f2405b160
  languageName: node
  linkType: hard

"color-rgba@npm:^3.0.0":
  version: 3.0.0
  resolution: "color-rgba@npm:3.0.0"
  dependencies:
    color-parse: ^2.0.0
    color-space: ^2.0.0
  checksum: 003b5fa70a77f46df3753e4b941154986163ccabbd9a8a80b2ca6cc4a0c9e505f3d4909c46a0b085e095d19b80297cf1c02dfefa33666b9ea1661ff52b3597bc
  languageName: node
  linkType: hard

"color-space@npm:^2.0.0, color-space@npm:^2.0.1":
  version: 2.0.1
  resolution: "color-space@npm:2.0.1"
  checksum: 98f8f6acc716d2332705ef6a98876b47e8e39094256b83eec1df17246a5b5c37d107ae682e87d96488b06da12df3595ed5ad4f0e354a45571e23fb2196e4c6e7
  languageName: node
  linkType: hard

"commander@npm:7":
  version: 7.2.0
  resolution: "commander@npm:7.2.0"
  checksum: 53501cbeee61d5157546c0bef0fedb6cdfc763a882136284bed9a07225f09a14b82d2a84e7637edfd1a679fb35ed9502fd58ef1d091e6287f60d790147f68ddc
  languageName: node
  linkType: hard

"d3-array@npm:2 - 3, d3-array@npm:2.10.0 - 3, d3-array@npm:2.5.0 - 3, d3-array@npm:3, d3-array@npm:^3.2.0":
  version: 3.2.4
  resolution: "d3-array@npm:3.2.4"
  dependencies:
    internmap: 1 - 2
  checksum: a5976a6d6205f69208478bb44920dd7ce3e788c9dceb86b304dbe401a4bfb42ecc8b04c20facde486e9adcb488b5d1800d49393a3f81a23902b68158e12cddd0
  languageName: node
  linkType: hard

"d3-axis@npm:3, d3-axis@npm:^3.0.0":
  version: 3.0.0
  resolution: "d3-axis@npm:3.0.0"
  checksum: 227ddaa6d4bad083539c1ec245e2228b4620cca941997a8a650cb0af239375dc20271993127eedac66f0543f331027aca09385e1e16eed023f93eac937cddf0b
  languageName: node
  linkType: hard

"d3-brush@npm:3, d3-brush@npm:^3.0.0":
  version: 3.0.0
  resolution: "d3-brush@npm:3.0.0"
  dependencies:
    d3-dispatch: 1 - 3
    d3-drag: 2 - 3
    d3-interpolate: 1 - 3
    d3-selection: 3
    d3-transition: 3
  checksum: 1d042167769a02ac76271c71e90376d7184206e489552b7022a8ec2860209fe269db55e0a3430f3dcbe13b6fec2ff65b1adeaccba3218991b38e022390df72e3
  languageName: node
  linkType: hard

"d3-chord@npm:3":
  version: 3.0.1
  resolution: "d3-chord@npm:3.0.1"
  dependencies:
    d3-path: 1 - 3
  checksum: ddf35d41675e0f8738600a8a2f05bf0858def413438c12cba357c5802ecc1014c80a658acbbee63cbad2a8c747912efb2358455d93e59906fe37469f1dc6b78b
  languageName: node
  linkType: hard

"d3-color@npm:1 - 3, d3-color@npm:3":
  version: 3.1.0
  resolution: "d3-color@npm:3.1.0"
  checksum: 4931fbfda5d7c4b5cfa283a13c91a954f86e3b69d75ce588d06cde6c3628cebfc3af2069ccf225e982e8987c612aa7948b3932163ce15eb3c11cd7c003f3ee3b
  languageName: node
  linkType: hard

"d3-contour@npm:4":
  version: 4.0.2
  resolution: "d3-contour@npm:4.0.2"
  dependencies:
    d3-array: ^3.2.0
  checksum: 56aa082c1acf62a45b61c8d29fdd307041785aa17d9a07de7d1d848633769887a33fb6823888afa383f31c460d0f21d24756593e84e334ddb92d774214d32f1b
  languageName: node
  linkType: hard

"d3-delaunay@npm:6":
  version: 6.0.4
  resolution: "d3-delaunay@npm:6.0.4"
  dependencies:
    delaunator: 5
  checksum: ce6d267d5ef21a8aeadfe4606329fc80a22ab6e7748d47bc220bcc396ee8be84b77a5473033954c5ac4aa522d265ddc45d4165d30fe4787dd60a15ea66b9bbb4
  languageName: node
  linkType: hard

"d3-dispatch@npm:1 - 3, d3-dispatch@npm:3":
  version: 3.0.1
  resolution: "d3-dispatch@npm:3.0.1"
  checksum: fdfd4a230f46463e28e5b22a45dd76d03be9345b605e1b5dc7d18bd7ebf504e6c00ae123fd6d03e23d9e2711e01f0e14ea89cd0632545b9f0c00b924ba4be223
  languageName: node
  linkType: hard

"d3-drag@npm:2 - 3, d3-drag@npm:3, d3-drag@npm:^3.0.0":
  version: 3.0.0
  resolution: "d3-drag@npm:3.0.0"
  dependencies:
    d3-dispatch: 1 - 3
    d3-selection: 3
  checksum: d297231e60ecd633b0d076a63b4052b436ddeb48b5a3a11ff68c7e41a6774565473a6b064c5e9256e88eca6439a917ab9cea76032c52d944ddbf4fd289e31111
  languageName: node
  linkType: hard

"d3-dsv@npm:1 - 3, d3-dsv@npm:3, d3-dsv@npm:^3.0.1":
  version: 3.0.1
  resolution: "d3-dsv@npm:3.0.1"
  dependencies:
    commander: 7
    iconv-lite: 0.6
    rw: 1
  bin:
    csv2json: bin/dsv2json.js
    csv2tsv: bin/dsv2dsv.js
    dsv2dsv: bin/dsv2dsv.js
    dsv2json: bin/dsv2json.js
    json2csv: bin/json2dsv.js
    json2dsv: bin/json2dsv.js
    json2tsv: bin/json2dsv.js
    tsv2csv: bin/dsv2dsv.js
    tsv2json: bin/dsv2json.js
  checksum: 5fc0723647269d5dccd181d74f2265920ab368a2868b0b4f55ffa2fecdfb7814390ea28622cd61ee5d9594ab262879509059544e9f815c54fe76fbfb4ffa4c8a
  languageName: node
  linkType: hard

"d3-ease@npm:1 - 3, d3-ease@npm:3, d3-ease@npm:^3.0.1":
  version: 3.0.1
  resolution: "d3-ease@npm:3.0.1"
  checksum: 06e2ee5326d1e3545eab4e2c0f84046a123dcd3b612e68858219aa034da1160333d9ce3da20a1d3486d98cb5c2a06f7d233eee1bc19ce42d1533458bd85dedcd
  languageName: node
  linkType: hard

"d3-fetch@npm:3":
  version: 3.0.1
  resolution: "d3-fetch@npm:3.0.1"
  dependencies:
    d3-dsv: 1 - 3
  checksum: 382dcea06549ef82c8d0b719e5dc1d96286352579e3b51b20f71437f5800323315b09cf7dcfd4e1f60a41e1204deb01758470cea257d2285a7abd9dcec806984
  languageName: node
  linkType: hard

"d3-force@npm:3":
  version: 3.0.0
  resolution: "d3-force@npm:3.0.0"
  dependencies:
    d3-dispatch: 1 - 3
    d3-quadtree: 1 - 3
    d3-timer: 1 - 3
  checksum: 6c7e96438cab62fa32aeadb0ade3297b62b51f81b1b38b0a60a5ec9fd627d74090c1189654d92df2250775f31b06812342f089f1d5947de9960a635ee3581def
  languageName: node
  linkType: hard

"d3-format@npm:1 - 3, d3-format@npm:3":
  version: 3.1.0
  resolution: "d3-format@npm:3.1.0"
  checksum: f345ec3b8ad3cab19bff5dead395bd9f5590628eb97a389b1dd89f0b204c7c4fc1d9520f13231c2c7cf14b7c9a8cf10f8ef15bde2befbab41454a569bd706ca2
  languageName: node
  linkType: hard

"d3-geo@npm:3":
  version: 3.1.0
  resolution: "d3-geo@npm:3.1.0"
  dependencies:
    d3-array: 2.5.0 - 3
  checksum: adf82b0c105c0c5951ae0a833d4dfc479a563791ad7938579fa14e1cffd623b469d8aa7a37dc413a327fb6ac56880f3da3f6c43d4abe3c923972dd98f34f37d1
  languageName: node
  linkType: hard

"d3-hierarchy@npm:3, d3-hierarchy@npm:^3.1.2":
  version: 3.1.2
  resolution: "d3-hierarchy@npm:3.1.2"
  checksum: 0fd946a8c5fd4686d43d3e11bbfc2037a145fda29d2261ccd0e36f70b66af6d7638e2c0c7112124d63fc3d3127197a00a6aecf676bd5bd392a94d7235a214263
  languageName: node
  linkType: hard

"d3-interpolate@npm:1 - 3, d3-interpolate@npm:1.2.0 - 3, d3-interpolate@npm:3, d3-interpolate@npm:^3.0.1":
  version: 3.0.1
  resolution: "d3-interpolate@npm:3.0.1"
  dependencies:
    d3-color: 1 - 3
  checksum: a42ba314e295e95e5365eff0f604834e67e4a3b3c7102458781c477bd67e9b24b6bb9d8e41ff5521050a3f2c7c0c4bbbb6e187fd586daa3980943095b267e78b
  languageName: node
  linkType: hard

"d3-path@npm:1 - 3, d3-path@npm:3, d3-path@npm:^3.1.0":
  version: 3.1.0
  resolution: "d3-path@npm:3.1.0"
  checksum: 2306f1bd9191e1eac895ec13e3064f732a85f243d6e627d242a313f9777756838a2215ea11562f0c7630c7c3b16a19ec1fe0948b1c82f3317fac55882f6ee5d8
  languageName: node
  linkType: hard

"d3-polygon@npm:3":
  version: 3.0.1
  resolution: "d3-polygon@npm:3.0.1"
  checksum: 0b85c532517895544683849768a2c377cee3801ef8ccf3fa9693c8871dd21a0c1a2a0fc75ff54192f0ba2c562b0da2bc27f5bf959dfafc7fa23573b574865d2c
  languageName: node
  linkType: hard

"d3-quadtree@npm:1 - 3, d3-quadtree@npm:3":
  version: 3.0.1
  resolution: "d3-quadtree@npm:3.0.1"
  checksum: 5469d462763811475f34a7294d984f3eb100515b0585ca5b249656f6b1a6e99b20056a2d2e463cc9944b888896d2b1d07859c50f9c0cf23438df9cd2e3146066
  languageName: node
  linkType: hard

"d3-random@npm:3":
  version: 3.0.1
  resolution: "d3-random@npm:3.0.1"
  checksum: a70ad8d1cabe399ebeb2e482703121ac8946a3b336830b518da6848b9fdd48a111990fc041dc716f16885a72176ffa2898f2a250ca3d363ecdba5ef92b18e131
  languageName: node
  linkType: hard

"d3-scale-chromatic@npm:3":
  version: 3.0.0
  resolution: "d3-scale-chromatic@npm:3.0.0"
  dependencies:
    d3-color: 1 - 3
    d3-interpolate: 1 - 3
  checksum: a8ce4cb0267a17b28ebbb929f5e3071d985908a9c13b6fcaa2a198e1e018f275804d691c5794b970df0049725b7944f32297b31603d235af6414004f0c7f82c0
  languageName: node
  linkType: hard

"d3-scale@npm:4, d3-scale@npm:^4.0.2":
  version: 4.0.2
  resolution: "d3-scale@npm:4.0.2"
  dependencies:
    d3-array: 2.10.0 - 3
    d3-format: 1 - 3
    d3-interpolate: 1.2.0 - 3
    d3-time: 2.1.1 - 3
    d3-time-format: 2 - 4
  checksum: a9c770d283162c3bd11477c3d9d485d07f8db2071665f1a4ad23eec3e515e2cefbd369059ec677c9ac849877d1a765494e90e92051d4f21111aa56791c98729e
  languageName: node
  linkType: hard

"d3-selection@npm:2 - 3, d3-selection@npm:3, d3-selection@npm:^3.0.0":
  version: 3.0.0
  resolution: "d3-selection@npm:3.0.0"
  checksum: f4e60e133309115b99f5b36a79ae0a19d71ee6e2d5e3c7216ef3e75ebd2cb1e778c2ed2fa4c01bef35e0dcbd96c5428f5bd6ca2184fe2957ed582fde6841cbc5
  languageName: node
  linkType: hard

"d3-shape@npm:3, d3-shape@npm:^3.2.0":
  version: 3.2.0
  resolution: "d3-shape@npm:3.2.0"
  dependencies:
    d3-path: ^3.1.0
  checksum: de2af5fc9a93036a7b68581ca0bfc4aca2d5a328aa7ba7064c11aedd44d24f310c20c40157cb654359d4c15c3ef369f95ee53d71221017276e34172c7b719cfa
  languageName: node
  linkType: hard

"d3-time-format@npm:2 - 4, d3-time-format@npm:4, d3-time-format@npm:^4.1.0":
  version: 4.1.0
  resolution: "d3-time-format@npm:4.1.0"
  dependencies:
    d3-time: 1 - 3
  checksum: 7342bce28355378152bbd4db4e275405439cabba082d9cd01946d40581140481c8328456d91740b0fe513c51ec4a467f4471ffa390c7e0e30ea30e9ec98fcdf4
  languageName: node
  linkType: hard

"d3-time@npm:1 - 3, d3-time@npm:2.1.1 - 3, d3-time@npm:3":
  version: 3.1.0
  resolution: "d3-time@npm:3.1.0"
  dependencies:
    d3-array: 2 - 3
  checksum: 613b435352a78d9f31b7f68540788186d8c331b63feca60ad21c88e9db1989fe888f97f242322ebd6365e45ec3fb206a4324cd4ca0dfffa1d9b5feb856ba00a7
  languageName: node
  linkType: hard

"d3-timer@npm:1 - 3, d3-timer@npm:3":
  version: 3.0.1
  resolution: "d3-timer@npm:3.0.1"
  checksum: 1cfddf86d7bca22f73f2c427f52dfa35c49f50d64e187eb788dcad6e927625c636aa18ae4edd44d084eb9d1f81d8ca4ec305dae7f733c15846a824575b789d73
  languageName: node
  linkType: hard

"d3-transition@npm:2 - 3, d3-transition@npm:3, d3-transition@npm:^3.0.1":
  version: 3.0.1
  resolution: "d3-transition@npm:3.0.1"
  dependencies:
    d3-color: 1 - 3
    d3-dispatch: 1 - 3
    d3-ease: 1 - 3
    d3-interpolate: 1 - 3
    d3-timer: 1 - 3
  peerDependencies:
    d3-selection: 2 - 3
  checksum: cb1e6e018c3abf0502fe9ff7b631ad058efb197b5e14b973a410d3935aead6e3c07c67d726cfab258e4936ef2667c2c3d1cd2037feb0765f0b4e1d3b8788c0ea
  languageName: node
  linkType: hard

"d3-zoom@npm:3, d3-zoom@npm:^3.0.0":
  version: 3.0.0
  resolution: "d3-zoom@npm:3.0.0"
  dependencies:
    d3-dispatch: 1 - 3
    d3-drag: 2 - 3
    d3-interpolate: 1 - 3
    d3-selection: 2 - 3
    d3-transition: 2 - 3
  checksum: 8056e3527281cfd1ccbcbc458408f86973b0583e9dac00e51204026d1d36803ca437f970b5736f02fafed9f2b78f145f72a5dbc66397e02d4d95d4c594b8ff54
  languageName: node
  linkType: hard

"d3@npm:^7.8.5":
  version: 7.8.5
  resolution: "d3@npm:7.8.5"
  dependencies:
    d3-array: 3
    d3-axis: 3
    d3-brush: 3
    d3-chord: 3
    d3-color: 3
    d3-contour: 4
    d3-delaunay: 6
    d3-dispatch: 3
    d3-drag: 3
    d3-dsv: 3
    d3-ease: 3
    d3-fetch: 3
    d3-force: 3
    d3-format: 3
    d3-geo: 3
    d3-hierarchy: 3
    d3-interpolate: 3
    d3-path: 3
    d3-polygon: 3
    d3-quadtree: 3
    d3-random: 3
    d3-scale: 4
    d3-scale-chromatic: 3
    d3-selection: 3
    d3-shape: 3
    d3-time: 3
    d3-time-format: 4
    d3-timer: 3
    d3-transition: 3
    d3-zoom: 3
  checksum: e407e79731f74d946a5eb8dec2f037b5a4ad33c294409b1d3531fdf7094de48adfe364974cb37e2396bdb81e23149d56d0ede716c004d6aebb52b3cc114cd15c
  languageName: node
  linkType: hard

"delaunator@npm:5":
  version: 5.0.1
  resolution: "delaunator@npm:5.0.1"
  dependencies:
    robust-predicates: ^3.0.2
  checksum: 69ee43ec649b4a13b7f33c8a027fb3e8dfcb09266af324286118da757e04d3d39df619b905dca41421405c311317ccf632ecfa93db44519bacec3303c57c5a0b
  languageName: node
  linkType: hard

"earcut@npm:^3.0.0":
  version: 3.0.0
  resolution: "earcut@npm:3.0.0"
  checksum: 1b96b4f9ca0c35b8e2428ce0fbd79d520f552b53c3b030c10ad27dac0852067d30b373e62c7ee373a8faa38073eb46ef49bcc650427165e557d5e61bb802339e
  languageName: node
  linkType: hard

"geotiff@npm:^2.1.3":
  version: 2.1.3
  resolution: "geotiff@npm:2.1.3"
  dependencies:
    "@petamoriken/float16": ^3.4.7
    lerc: ^3.0.0
    pako: ^2.0.4
    parse-headers: ^2.0.2
    quick-lru: ^6.1.1
    web-worker: ^1.2.0
    xml-utils: ^1.0.2
    zstddec: ^0.1.0
  checksum: e966c735339fe121d7cf22fad71c68dbe5f6c88c252baed40bc596c662829bdc6df1c2463855c2dfc5453d191425f6151945b2ad063837cb82a99fe3eb482b50
  languageName: node
  linkType: hard

"iconv-lite@npm:0.6":
  version: 0.6.3
  resolution: "iconv-lite@npm:0.6.3"
  dependencies:
    safer-buffer: ">= 2.1.2 < 3.0.0"
  checksum: 3f60d47a5c8fc3313317edfd29a00a692cc87a19cac0159e2ce711d0ebc9019064108323b5e493625e25594f11c6236647d8e256fbe7a58f4a3b33b89e6d30bf
  languageName: node
  linkType: hard

"internmap@npm:1 - 2":
  version: 2.0.3
  resolution: "internmap@npm:2.0.3"
  checksum: 7ca41ec6aba8f0072fc32fa8a023450a9f44503e2d8e403583c55714b25efd6390c38a87161ec456bf42d7bc83aab62eb28f5aef34876b1ac4e60693d5e1d241
  languageName: node
  linkType: hard

"jquery-ui-touch-punch@npm:^0.2.3":
  version: 0.2.3
  resolution: "jquery-ui-touch-punch@npm:0.2.3"
  checksum: 2d227619817249fa93dd90501d8f65ce44a0912a44e56e2d5b216cc3706aa6f0899eee8cb71b5dcf1e5f3f77f524b6b8154462a6099a9321fab32f936b5d7101
  languageName: node
  linkType: hard

"klarschiff-client@workspace:.":
  version: 0.0.0-use.local
  resolution: "klarschiff-client@workspace:."
  dependencies:
    billboard.js: ^3.9.4
    d3: ^7.8.5
    jquery-ui-touch-punch: ^0.2.3
    ol: ^10.3.0
    ol-ext: ^4.0.11
    proj4: ^2.9.0
  languageName: unknown
  linkType: soft

"lerc@npm:^3.0.0":
  version: 3.0.0
  resolution: "lerc@npm:3.0.0"
  checksum: 637699a1359cd80e581bac4bd66dd7ac09e6681fe97346c97939abdbc0170deac1b79ea00a17e334ef5d9d510973ca382abb43c39c8294788dd8391daeb75c32
  languageName: node
  linkType: hard

"mgrs@npm:1.0.0":
  version: 1.0.0
  resolution: "mgrs@npm:1.0.0"
  checksum: 98b9fa3caff9986868344567996f8dcc833f939c2e140507a00e2ce9a96ef7eaeb81933a749222a2b7bcbc1a4bb6ada6120dda3a5b6af6d72ae332d8990956b9
  languageName: node
  linkType: hard

"ol-ext@npm:^4.0.11":
  version: 4.0.15
  resolution: "ol-ext@npm:4.0.15"
  peerDependencies:
    ol: ">= 5.3.0"
  checksum: da4f19a77fbbe7fcd9572e98c63710becdbb4ae3a42999b5c623e0464481e262cced605e61a3a644aa25674626dce497f82dc9653781d30b7c1b46397c889c18
  languageName: node
  linkType: hard

"ol@npm:^10.3.0":
  version: 10.3.0
  resolution: "ol@npm:10.3.0"
  dependencies:
    "@types/rbush": 4.0.0
    color-rgba: ^3.0.0
    color-space: ^2.0.1
    earcut: ^3.0.0
    geotiff: ^2.1.3
    pbf: 4.0.1
    rbush: ^4.0.0
  checksum: 4eb98e0ca06547e4df19ae210465fff5da079de08b2c96a369b8871aaca9eff905d8e045363b59ac581b267d08b73453c04a69ecb4dfac1dbed654b3797143ed
  languageName: node
  linkType: hard

"pako@npm:^2.0.4":
  version: 2.1.0
  resolution: "pako@npm:2.1.0"
  checksum: 71666548644c9a4d056bcaba849ca6fd7242c6cf1af0646d3346f3079a1c7f4a66ffec6f7369ee0dc88f61926c10d6ab05da3e1fca44b83551839e89edd75a3e
  languageName: node
  linkType: hard

"parse-headers@npm:^2.0.2":
  version: 2.0.5
  resolution: "parse-headers@npm:2.0.5"
  checksum: 3e97f01e4c7f960bfbfd0ee489f0bd8d3c72b6c814f1f79b66abec2cca8eaf8e4ecd89deba0b6e61266469aed87350bc932001181c01ff8c29a59e696abe251f
  languageName: node
  linkType: hard

"pbf@npm:4.0.1":
  version: 4.0.1
  resolution: "pbf@npm:4.0.1"
  dependencies:
    resolve-protobuf-schema: ^2.1.0
  bin:
    pbf: bin/pbf
  checksum: c8a553847b3932803f63f62adece39da7b938f29bab97eb7e62f37cde96207a9c962ba92e26af3a7cad28df53e5a0fbcbca9aab985c32eb0553cbee5d4becfef
  languageName: node
  linkType: hard

"proj4@npm:^2.9.0":
  version: 2.10.0
  resolution: "proj4@npm:2.10.0"
  dependencies:
    mgrs: 1.0.0
    wkt-parser: ^1.3.3
  checksum: 1470d94e064b44a6f4658c22c34a4e7948fbde31af71202344f616307efa9ab284ecd5ad074203fafdc840aca569bd96ac8520732c8be89234f4c83c9e7de124
  languageName: node
  linkType: hard

"protocol-buffers-schema@npm:^3.3.1":
  version: 3.6.0
  resolution: "protocol-buffers-schema@npm:3.6.0"
  checksum: 8713b5770f6745ddbcdf3bbd03ee020624d506233bb567927a6615a6f69a5bd620a5f49597f34f4115792b853a4c9cb9e2d5d6b930a1c04bf198023e45c1c349
  languageName: node
  linkType: hard

"quick-lru@npm:^6.1.1":
  version: 6.1.2
  resolution: "quick-lru@npm:6.1.2"
  checksum: 0491a24dcd39b8a325e9d3ae719fad7690a1da7a0dbfa8f16613663dc7d262d08b565005ce16a04497ed4700f1f477b8e06cd46e10a7a112a481a18d056c38f7
  languageName: node
  linkType: hard

"quickselect@npm:^3.0.0":
  version: 3.0.0
  resolution: "quickselect@npm:3.0.0"
  checksum: 8f72bedb8bb14bce5c3767c55f567bc296fa3ca9d98ba385e3867e434463bc633feee1eddf3dfec17914b7e88feeb08c7b313cf47114a8ff11bf964f77f51cfc
  languageName: node
  linkType: hard

"rbush@npm:^4.0.0":
  version: 4.0.1
  resolution: "rbush@npm:4.0.1"
  dependencies:
    quickselect: ^3.0.0
  checksum: f221cfb2c6ed437f5914bf46b791ebd83cc4c51dff8c39a5cdc5a0d4b4cbc49353b66d185279707c9a7cc55a8c6a50b7dc0a348175db6ad63a86caa8a627c781
  languageName: node
  linkType: hard

"resolve-protobuf-schema@npm:^2.1.0":
  version: 2.1.0
  resolution: "resolve-protobuf-schema@npm:2.1.0"
  dependencies:
    protocol-buffers-schema: ^3.3.1
  checksum: 88fffab2a3757888884a36f9aa4e24be5186b01820a8c26297dc1ce406b9daf776594926bdf524c2c8e8e5b0aba8ac48362b6584cdecc9a7083215ebca01c599
  languageName: node
  linkType: hard

"robust-predicates@npm:^3.0.2":
  version: 3.0.2
  resolution: "robust-predicates@npm:3.0.2"
  checksum: 36854c1321548ceca96d36ad9d6e0a5a512986029ec6929ad6ed3ec1612c22cc8b46cc72d2c5674af42e8074a119d793f6f0ea3a5b51373e3ab926c64b172d7a
  languageName: node
  linkType: hard

"rw@npm:1":
  version: 1.3.3
  resolution: "rw@npm:1.3.3"
  checksum: c20d82421f5a71c86a13f76121b751553a99cd4a70ea27db86f9b23f33db941f3f06019c30f60d50c356d0bd674c8e74764ac146ea55e217c091bde6fba82aa3
  languageName: node
  linkType: hard

"safer-buffer@npm:>= 2.1.2 < 3.0.0":
  version: 2.1.2
  resolution: "safer-buffer@npm:2.1.2"
  checksum: cab8f25ae6f1434abee8d80023d7e72b598cf1327164ddab31003c51215526801e40b66c5e65d658a0af1e9d6478cadcb4c745f4bd6751f97d8644786c0978b0
  languageName: node
  linkType: hard

"web-worker@npm:^1.2.0":
  version: 1.3.0
  resolution: "web-worker@npm:1.3.0"
  checksum: ed1f869aefd1d81a43d0fbfe7b315a65beb6d7d2486b378c436a7047eed4216be34b2e6afca738b6fa95d016326b765f5f816355db33267dbf43b2b8a1837c0c
  languageName: node
  linkType: hard

"wkt-parser@npm:^1.3.3":
  version: 1.3.3
  resolution: "wkt-parser@npm:1.3.3"
  checksum: b001a7e8b83c1af66f4a1bc56d5041858191b13a530af20d80dda80de92ed672bec30c3528893480ad3ef03edf845e8e9962c79c77eae860530c99afd59ff94c
  languageName: node
  linkType: hard

"xml-utils@npm:^1.0.2":
  version: 1.7.0
  resolution: "xml-utils@npm:1.7.0"
  checksum: 3f933b87f0d2227be45d9b09ebc7c078988c1145d15a1197be11f11cdec6fb644f908a3aaae01dd1a147433d7a7e20047bed59bd9d285cdb6e49770f19681be4
  languageName: node
  linkType: hard

"zstddec@npm:^0.1.0":
  version: 0.1.0
  resolution: "zstddec@npm:0.1.0"
  checksum: 76113b43ec4031f9a120285c830e43bafae4c25c0a72f7a9e228af815c3e52432a8414c5d4eb6cfd3282443a4a3d2bc18b445dd702e770b1e330b6e39081750f
  languageName: node
  linkType: hard
