# This file is generated by running "yarn install" inside your project.
# Manual changes might be lost - proceed with caution!

__metadata:
  version: 8
  cacheKey: 10

"@petamoriken/float16@npm:^3.4.7":
  version: 3.8.4
  resolution: "@petamoriken/float16@npm:3.8.4"
  checksum: 10/1e12713c1ef15134ffbb815449f7fd30bddd158935084709efbc7a9e1d7330b7d5045f7b18e094ec6df19e3f189c0b18504db6cf348e13a484b75e4e0efe2163
  languageName: node
  linkType: hard

"@types/d3-selection@npm:*, @types/d3-selection@npm:^3.0.0":
  version: 3.0.10
  resolution: "@types/d3-selection@npm:3.0.10"
  checksum: 10/a62227d59fdd2debda326ca58613af64f8a5819f68b94aecb6b990616f5889a6d3d12816521bcd0c5c44df5d81654c558ba49a4570a766c6460bf2a765bdb10b
  languageName: node
  linkType: hard

"@types/d3-transition@npm:^3.0.0":
  version: 3.0.8
  resolution: "@types/d3-transition@npm:3.0.8"
  dependencies:
    "@types/d3-selection": "npm:*"
  checksum: 10/6b4d4062486857036263de499f3cde861935e11784e9f7b834254625d87655376e03eec61bca204fd5fde29434722d1633bb12c8654bcf62632fe126b3ac90ce
  languageName: node
  linkType: hard

"@types/rbush@npm:4.0.0":
  version: 4.0.0
  resolution: "@types/rbush@npm:4.0.0"
  checksum: 10/ee37c7fa322a83af4e754180022253b7e2bbbb853c9a6d8ffce1ea1e59bbb0eef3a347e2f37934bb1afa4d40ea2ea44409d7cee751cb8ac8dbded13dc9160a64
  languageName: node
  linkType: hard

"billboard.js@npm:^3.9.4":
  version: 3.11.2
  resolution: "billboard.js@npm:3.11.2"
  dependencies:
    "@types/d3-selection": "npm:^3.0.0"
    "@types/d3-transition": "npm:^3.0.0"
    d3-axis: "npm:^3.0.0"
    d3-brush: "npm:^3.0.0"
    d3-drag: "npm:^3.0.0"
    d3-dsv: "npm:^3.0.1"
    d3-ease: "npm:^3.0.1"
    d3-hierarchy: "npm:^3.1.2"
    d3-interpolate: "npm:^3.0.1"
    d3-scale: "npm:^4.0.2"
    d3-selection: "npm:^3.0.0"
    d3-shape: "npm:^3.2.0"
    d3-time-format: "npm:^4.1.0"
    d3-transition: "npm:^3.0.1"
    d3-zoom: "npm:^3.0.0"
  checksum: 10/0ab3c72c900fbfd5de60f250eb01352f39e4c3751dc73be6b859e7a4a08116f6fe55fc1b6da630bfbe08cf888f7d2868436f1a9f9a895f003e733e3e01ee086f
  languageName: node
  linkType: hard

"color-name@npm:^1.0.0":
  version: 1.1.4
  resolution: "color-name@npm:1.1.4"
  checksum: 10/b0445859521eb4021cd0fb0cc1a75cecf67fceecae89b63f62b201cca8d345baf8b952c966862a9d9a2632987d4f6581f0ec8d957dfacece86f0a7919316f610
  languageName: node
  linkType: hard

"color-parse@npm:^2.0.0":
  version: 2.0.0
  resolution: "color-parse@npm:2.0.0"
  dependencies:
    color-name: "npm:^1.0.0"
  checksum: 10/2eff4814877fa5641319598cb5ce668a504060d248bcbadf026ab6963217093ef7aae7de777fb394633393cf5cb0d7b68300e99dcf05279cf9201174427ba5da
  languageName: node
  linkType: hard

"color-rgba@npm:^3.0.0":
  version: 3.0.0
  resolution: "color-rgba@npm:3.0.0"
  dependencies:
    color-parse: "npm:^2.0.0"
    color-space: "npm:^2.0.0"
  checksum: 10/003b5fa70a77f46df3753e4b941154986163ccabbd9a8a80b2ca6cc4a0c9e505f3d4909c46a0b085e095d19b80297cf1c02dfefa33666b9ea1661ff52b3597bc
  languageName: node
  linkType: hard

"color-space@npm:^2.0.0, color-space@npm:^2.0.1":
  version: 2.0.1
  resolution: "color-space@npm:2.0.1"
  checksum: 10/e74767555b10f2be11cc1c4244d81cd5788a5808ee7bd7c9afebefb567f8e27d6722f8096cb8777e6536662aecca83aa204090fed6537ee56bf0600cac966478
  languageName: node
  linkType: hard

"commander@npm:7":
  version: 7.2.0
  resolution: "commander@npm:7.2.0"
  checksum: 10/9973af10727ad4b44f26703bf3e9fdc323528660a7590efe3aa9ad5042b4584c0deed84ba443f61c9d6f02dade54a5a5d3c95e306a1e1630f8374ae6db16c06d
  languageName: node
  linkType: hard

"d3-array@npm:2 - 3, d3-array@npm:2.10.0 - 3, d3-array@npm:2.5.0 - 3, d3-array@npm:3, d3-array@npm:^3.2.0":
  version: 3.2.4
  resolution: "d3-array@npm:3.2.4"
  dependencies:
    internmap: "npm:1 - 2"
  checksum: 10/5800c467f89634776a5977f6dae3f4e127d91be80f1d07e3e6e35303f9de93e6636d014b234838eea620f7469688d191b3f41207a30040aab750a63c97ec1d7c
  languageName: node
  linkType: hard

"d3-axis@npm:3, d3-axis@npm:^3.0.0":
  version: 3.0.0
  resolution: "d3-axis@npm:3.0.0"
  checksum: 10/15ec43ecbd4e7b606fcda60f67a522e45576dfd6aa83dff47f3e91ef6c8448841a09cd91f630b492250dcec67c6ea64463510ead5e632ff6b827aeefae1d42ad
  languageName: node
  linkType: hard

"d3-brush@npm:3, d3-brush@npm:^3.0.0":
  version: 3.0.0
  resolution: "d3-brush@npm:3.0.0"
  dependencies:
    d3-dispatch: "npm:1 - 3"
    d3-drag: "npm:2 - 3"
    d3-interpolate: "npm:1 - 3"
    d3-selection: "npm:3"
    d3-transition: "npm:3"
  checksum: 10/fa3a461b62f0f0ee6fe41f5babf45535a0a8f6d4999f675fb1dce932ee02eff72dec14c7296af31ca15998dc0141ccf5d02aa6499363f8bf2941d90688a1d644
  languageName: node
  linkType: hard

"d3-chord@npm:3":
  version: 3.0.1
  resolution: "d3-chord@npm:3.0.1"
  dependencies:
    d3-path: "npm:1 - 3"
  checksum: 10/4febcdca4fdc8ba91fc4f7545f4b6321c440150dff80c1ebef887db07bb4200395dfebede63b257393259de07f914da10842da5ab3135e1e281e33ad153e0849
  languageName: node
  linkType: hard

"d3-color@npm:1 - 3, d3-color@npm:3":
  version: 3.1.0
  resolution: "d3-color@npm:3.1.0"
  checksum: 10/536ba05bfd9f4fcd6fa289b5974f5c846b21d186875684637e22bf6855e6aba93e24a2eb3712985c6af3f502fbbfa03708edb72f58142f626241a8a17258e545
  languageName: node
  linkType: hard

"d3-contour@npm:4":
  version: 4.0.2
  resolution: "d3-contour@npm:4.0.2"
  dependencies:
    d3-array: "npm:^3.2.0"
  checksum: 10/0b252267e0c3c5e97d7e0c720bd35654de99f981199f7240d7dd1acfd4e2d5bf1638829f6db486452eff9c38608efa4a6ab5a0d1525131735c011ee7be3cb4ba
  languageName: node
  linkType: hard

"d3-delaunay@npm:6":
  version: 6.0.4
  resolution: "d3-delaunay@npm:6.0.4"
  dependencies:
    delaunator: "npm:5"
  checksum: 10/4588e2872d4154daaf2c3f34fefe74e43b909cc460238a7b02823907ca6dd109f2c488c57c8551f1a2607fe4b44fdf24e3a190cea29bca70ef5606678dd9e2de
  languageName: node
  linkType: hard

"d3-dispatch@npm:1 - 3, d3-dispatch@npm:3":
  version: 3.0.1
  resolution: "d3-dispatch@npm:3.0.1"
  checksum: 10/2b82f41bf4ef88c2f9033dfe32815b67e2ef1c5754a74137a74c7d44d6f0d6ecfa934ac56ed8afe358f6c1f06462e8aa42ca0a388397b5b77a42721570e80487
  languageName: node
  linkType: hard

"d3-drag@npm:2 - 3, d3-drag@npm:3, d3-drag@npm:^3.0.0":
  version: 3.0.0
  resolution: "d3-drag@npm:3.0.0"
  dependencies:
    d3-dispatch: "npm:1 - 3"
    d3-selection: "npm:3"
  checksum: 10/80bc689935e5a46ee92b2d7f71e1c792279382affed9fbcf46034bff3ff7d3f50cf61a874da4bdf331037292b9e7dca5c6401a605d4bb699fdcb4e0c87e176ec
  languageName: node
  linkType: hard

"d3-dsv@npm:1 - 3, d3-dsv@npm:3, d3-dsv@npm:^3.0.1":
  version: 3.0.1
  resolution: "d3-dsv@npm:3.0.1"
  dependencies:
    commander: "npm:7"
    iconv-lite: "npm:0.6"
    rw: "npm:1"
  bin:
    csv2json: bin/dsv2json.js
    csv2tsv: bin/dsv2dsv.js
    dsv2dsv: bin/dsv2dsv.js
    dsv2json: bin/dsv2json.js
    json2csv: bin/json2dsv.js
    json2dsv: bin/json2dsv.js
    json2tsv: bin/json2dsv.js
    tsv2csv: bin/dsv2dsv.js
    tsv2json: bin/dsv2json.js
  checksum: 10/a628ac42a272466940f713f310db2e5246690b22035121dc1230077070c9135fb7c9b4d260f093fcadf63b0528202a1953107448a4be3a860c4f42f50d09504d
  languageName: node
  linkType: hard

"d3-ease@npm:1 - 3, d3-ease@npm:3, d3-ease@npm:^3.0.1":
  version: 3.0.1
  resolution: "d3-ease@npm:3.0.1"
  checksum: 10/985d46e868494e9e6806fedd20bad712a50dcf98f357bf604a843a9f6bc17714a657c83dd762f183173dcde983a3570fa679b2bc40017d40b24163cdc4167796
  languageName: node
  linkType: hard

"d3-fetch@npm:3":
  version: 3.0.1
  resolution: "d3-fetch@npm:3.0.1"
  dependencies:
    d3-dsv: "npm:1 - 3"
  checksum: 10/cd35d55f8fbb1ea1e37be362a575bb0161449957133aa5b45b9891889b2aca1dc0769c240a236736e33cd823e820a0e73fb3744582307a5d26d1df7bed0ccecb
  languageName: node
  linkType: hard

"d3-force@npm:3":
  version: 3.0.0
  resolution: "d3-force@npm:3.0.0"
  dependencies:
    d3-dispatch: "npm:1 - 3"
    d3-quadtree: "npm:1 - 3"
    d3-timer: "npm:1 - 3"
  checksum: 10/85945f8d444d78567009518f0ab54c0f0c8873eb8eb9a2ff0ab667b0f81b419e101a411415d4a2c752547ec7143f89675e8c33b8f111e55e5579a04cb7f4591c
  languageName: node
  linkType: hard

"d3-format@npm:1 - 3, d3-format@npm:3":
  version: 3.1.0
  resolution: "d3-format@npm:3.1.0"
  checksum: 10/a0fe23d2575f738027a3db0ce57160e5a473ccf24808c1ed46d45ef4f3211076b34a18b585547d34e365e78dcc26dd4ab15c069731fc4b1c07a26bfced09ea31
  languageName: node
  linkType: hard

"d3-geo@npm:3":
  version: 3.1.0
  resolution: "d3-geo@npm:3.1.0"
  dependencies:
    d3-array: "npm:2.5.0 - 3"
  checksum: 10/d214c2951c327501699b49f73fcbf417284468f41b31cd8f34c1975137a2544e4bb8080f35fa216659dba91c60f35b7bc857cd6b8297cf4f0fd37343269d9f8a
  languageName: node
  linkType: hard

"d3-hierarchy@npm:3, d3-hierarchy@npm:^3.1.2":
  version: 3.1.2
  resolution: "d3-hierarchy@npm:3.1.2"
  checksum: 10/497b79dc6c35e28b21e8a7b94db92876abd1d4ec082d9803a07ea8964e55b0e71c511a21489363a36f1456f069adb8ff7d33c633678730d6ae961ed350b27733
  languageName: node
  linkType: hard

"d3-interpolate@npm:1 - 3, d3-interpolate@npm:1.2.0 - 3, d3-interpolate@npm:3, d3-interpolate@npm:^3.0.1":
  version: 3.0.1
  resolution: "d3-interpolate@npm:3.0.1"
  dependencies:
    d3-color: "npm:1 - 3"
  checksum: 10/988d66497ef5c190cf64f8c80cd66e1e9a58c4d1f8932d776a8e3ae59330291795d5a342f5a97602782ccbef21a5df73bc7faf1f0dc46a5145ba6243a82a0f0e
  languageName: node
  linkType: hard

"d3-path@npm:1 - 3, d3-path@npm:3, d3-path@npm:^3.1.0":
  version: 3.1.0
  resolution: "d3-path@npm:3.1.0"
  checksum: 10/8e97a9ab4930a05b18adda64cf4929219bac913a5506cf8585631020253b39309549632a5cbeac778c0077994442ddaaee8316ee3f380e7baf7566321b84e76a
  languageName: node
  linkType: hard

"d3-polygon@npm:3":
  version: 3.0.1
  resolution: "d3-polygon@npm:3.0.1"
  checksum: 10/c4fa2ed19dcba13fd341815361d27e64597aa0d38d377e401e1353c4acbe8bd73c0afb3e49a1cf4119fadc3651ec8073d06aa6d0e34e664c868d071e58912cd1
  languageName: node
  linkType: hard

"d3-quadtree@npm:1 - 3, d3-quadtree@npm:3":
  version: 3.0.1
  resolution: "d3-quadtree@npm:3.0.1"
  checksum: 10/1915b6a7b031fc312f9af61947072db9468c5a2b03837f6a90b38fdaebcd0ea17a883bffd94d16b8a6848e81711a06222f7d39f129386ef1850297219b8d32ba
  languageName: node
  linkType: hard

"d3-random@npm:3":
  version: 3.0.1
  resolution: "d3-random@npm:3.0.1"
  checksum: 10/9f41d6ca3a1826cea8d88392917b5039504337d442a4d1357c870fa3031701e60209a2689a6ddae7df8fca824383d038c957eb545bc49a7428c71aaf3b11f56f
  languageName: node
  linkType: hard

"d3-scale-chromatic@npm:3":
  version: 3.0.0
  resolution: "d3-scale-chromatic@npm:3.0.0"
  dependencies:
    d3-color: "npm:1 - 3"
    d3-interpolate: "npm:1 - 3"
  checksum: 10/e4d23a7d2ba48ad5de1d06dcc488f7278304def0ea28a268528923b1d74971260636b5c8fe0e27bc2c51b2a3f95542c248e35028bdb0b7c19ac804eee235d340
  languageName: node
  linkType: hard

"d3-scale@npm:4, d3-scale@npm:^4.0.2":
  version: 4.0.2
  resolution: "d3-scale@npm:4.0.2"
  dependencies:
    d3-array: "npm:2.10.0 - 3"
    d3-format: "npm:1 - 3"
    d3-interpolate: "npm:1.2.0 - 3"
    d3-time: "npm:2.1.1 - 3"
    d3-time-format: "npm:2 - 4"
  checksum: 10/e2dc4243586eae2a0fdf91de1df1a90d51dfacb295933f0ca7e9184c31203b01436bef69906ad40f1100173a5e6197ae753cb7b8a1a8fcfda43194ea9cad6493
  languageName: node
  linkType: hard

"d3-selection@npm:2 - 3, d3-selection@npm:3, d3-selection@npm:^3.0.0":
  version: 3.0.0
  resolution: "d3-selection@npm:3.0.0"
  checksum: 10/0e5acfd305b31628b7be5009ba7303d84bb34817a88ed4dde9c8bd9c23528573fc5272f89fc04e5be03d2cbf5441a248d7274aaf55a8ef3dad46e16333d72298
  languageName: node
  linkType: hard

"d3-shape@npm:3, d3-shape@npm:^3.2.0":
  version: 3.2.0
  resolution: "d3-shape@npm:3.2.0"
  dependencies:
    d3-path: "npm:^3.1.0"
  checksum: 10/2e861f4d4781ee8abd85d2b435f848d667479dcf01a4e0db3a06600a5bdeddedb240f88229ec7b3bf7fa300c2b3526faeaf7e75f9a24dbf4396d3cc5358ff39d
  languageName: node
  linkType: hard

"d3-time-format@npm:2 - 4, d3-time-format@npm:4, d3-time-format@npm:^4.1.0":
  version: 4.1.0
  resolution: "d3-time-format@npm:4.1.0"
  dependencies:
    d3-time: "npm:1 - 3"
  checksum: 10/ffc0959258fbb90e3890bfb31b43b764f51502b575e87d0af2c85b85ac379120d246914d07fca9f533d1bcedc27b2841d308a00fd64848c3e2cad9eff5c9a0aa
  languageName: node
  linkType: hard

"d3-time@npm:1 - 3, d3-time@npm:2.1.1 - 3, d3-time@npm:3":
  version: 3.1.0
  resolution: "d3-time@npm:3.1.0"
  dependencies:
    d3-array: "npm:2 - 3"
  checksum: 10/c110bed295ce63e8180e45b82a9b0ba114d5f33ff315871878f209c1a6d821caa505739a2b07f38d1396637155b8e7372632dacc018e11fbe8ceef58f6af806d
  languageName: node
  linkType: hard

"d3-timer@npm:1 - 3, d3-timer@npm:3":
  version: 3.0.1
  resolution: "d3-timer@npm:3.0.1"
  checksum: 10/004128602bb187948d72c7dc153f0f063f38ac7a584171de0b45e3a841ad2e17f1e40ad396a4af9cce5551b6ab4a838d5246d23492553843d9da4a4050a911e2
  languageName: node
  linkType: hard

"d3-transition@npm:2 - 3, d3-transition@npm:3, d3-transition@npm:^3.0.1":
  version: 3.0.1
  resolution: "d3-transition@npm:3.0.1"
  dependencies:
    d3-color: "npm:1 - 3"
    d3-dispatch: "npm:1 - 3"
    d3-ease: "npm:1 - 3"
    d3-interpolate: "npm:1 - 3"
    d3-timer: "npm:1 - 3"
  peerDependencies:
    d3-selection: 2 - 3
  checksum: 10/02571636acb82f5532117928a87fe25de68f088c38ab4a8b16e495f0f2d08a3fd2937eaebdefdfcf7f1461545524927d2632d795839b88d2e4c71e387aaaffac
  languageName: node
  linkType: hard

"d3-zoom@npm:3, d3-zoom@npm:^3.0.0":
  version: 3.0.0
  resolution: "d3-zoom@npm:3.0.0"
  dependencies:
    d3-dispatch: "npm:1 - 3"
    d3-drag: "npm:2 - 3"
    d3-interpolate: "npm:1 - 3"
    d3-selection: "npm:2 - 3"
    d3-transition: "npm:2 - 3"
  checksum: 10/0e6e5c14e33c4ecdff311a900dd037dea407734f2dd2818988ed6eae342c1799e8605824523678bd404f81e37824cc588f62dbde46912444c89acc7888036c6b
  languageName: node
  linkType: hard

"d3@npm:^7.8.5":
  version: 7.8.5
  resolution: "d3@npm:7.8.5"
  dependencies:
    d3-array: "npm:3"
    d3-axis: "npm:3"
    d3-brush: "npm:3"
    d3-chord: "npm:3"
    d3-color: "npm:3"
    d3-contour: "npm:4"
    d3-delaunay: "npm:6"
    d3-dispatch: "npm:3"
    d3-drag: "npm:3"
    d3-dsv: "npm:3"
    d3-ease: "npm:3"
    d3-fetch: "npm:3"
    d3-force: "npm:3"
    d3-format: "npm:3"
    d3-geo: "npm:3"
    d3-hierarchy: "npm:3"
    d3-interpolate: "npm:3"
    d3-path: "npm:3"
    d3-polygon: "npm:3"
    d3-quadtree: "npm:3"
    d3-random: "npm:3"
    d3-scale: "npm:4"
    d3-scale-chromatic: "npm:3"
    d3-selection: "npm:3"
    d3-shape: "npm:3"
    d3-time: "npm:3"
    d3-time-format: "npm:4"
    d3-timer: "npm:3"
    d3-transition: "npm:3"
    d3-zoom: "npm:3"
  checksum: 10/d5a0581fae34ce06f065c36bfe4045d2877ec23c413bb40d5b8cc005df9f8ef5ac44ccc13ffae4c4e5159827bb92c09da07e7283c1b7a507072e88b9047a848a
  languageName: node
  linkType: hard

"delaunator@npm:5":
  version: 5.0.1
  resolution: "delaunator@npm:5.0.1"
  dependencies:
    robust-predicates: "npm:^3.0.2"
  checksum: 10/c378a55138d81d471a7214635b1a2c5e74f8ee06582f558df72f0c7c82c25868599ce9a18fb25a245c6c03cab886d17fb574681c78371b539dd069818703f53a
  languageName: node
  linkType: hard

"earcut@npm:^3.0.0":
  version: 3.0.0
  resolution: "earcut@npm:3.0.0"
  checksum: 10/4f7394a657c9789a1beb1be617d18eccf7fd9e1aa0a37fd4e8927000ece7f715bf126180d1a7ce562be35e2c4812ed7fe852a1bfe8e104ced31dee172173e547
  languageName: node
  linkType: hard

"geotiff@npm:^2.1.3":
  version: 2.1.3
  resolution: "geotiff@npm:2.1.3"
  dependencies:
    "@petamoriken/float16": "npm:^3.4.7"
    lerc: "npm:^3.0.0"
    pako: "npm:^2.0.4"
    parse-headers: "npm:^2.0.2"
    quick-lru: "npm:^6.1.1"
    web-worker: "npm:^1.2.0"
    xml-utils: "npm:^1.0.2"
    zstddec: "npm:^0.1.0"
  checksum: 10/91475680b882c11e6c28b4538c8703da03a13fa1b3f8f9d456aa3b274cb71fb01f04aadb29006c3a607c20b724b936a95899ad8ef65d26a11eed59ba9f81c61f
  languageName: node
  linkType: hard

"iconv-lite@npm:0.6":
  version: 0.6.3
  resolution: "iconv-lite@npm:0.6.3"
  dependencies:
    safer-buffer: "npm:>= 2.1.2 < 3.0.0"
  checksum: 10/24e3292dd3dadaa81d065c6f8c41b274a47098150d444b96e5f53b4638a9a71482921ea6a91a1f59bb71d9796de25e04afd05919fa64c360347ba65d3766f10f
  languageName: node
  linkType: hard

"internmap@npm:1 - 2":
  version: 2.0.3
  resolution: "internmap@npm:2.0.3"
  checksum: 10/873e0e7fcfe32f999aa0997a0b648b1244508e56e3ea6b8259b5245b50b5eeb3853fba221f96692bd6d1def501da76c32d64a5cb22a0b26cdd9b445664f805e0
  languageName: node
  linkType: hard

"jquery-ui-touch-punch@npm:^0.2.3":
  version: 0.2.3
  resolution: "jquery-ui-touch-punch@npm:0.2.3"
  checksum: 10/d3b20d119d83d70ebcd1f8e55c6132005569ab8810582506d30247555ef19b53237adfbd682532208127c89095c4d2a40b4079464f741904f1a40ed3a319ec52
  languageName: node
  linkType: hard

"klarschiff-client@workspace:.":
  version: 0.0.0-use.local
  resolution: "klarschiff-client@workspace:."
  dependencies:
    billboard.js: "npm:^3.9.4"
    d3: "npm:^7.8.5"
    jquery-ui-touch-punch: "npm:^0.2.3"
    ol: "npm:^10.3.0"
    ol-ext: "npm:^4.0.11"
    proj4: "npm:^2.9.0"
  languageName: unknown
  linkType: soft

"lerc@npm:^3.0.0":
  version: 3.0.0
  resolution: "lerc@npm:3.0.0"
  checksum: 10/25c9c259b2211ac252910bacd2a85310755d0291644c37ffcdbf96725465bf5fd22e61946172e7fb214ac4aafcbc2885e1016686079a5acddda97dcd000526ad
  languageName: node
  linkType: hard

"mgrs@npm:1.0.0":
  version: 1.0.0
  resolution: "mgrs@npm:1.0.0"
  checksum: 10/102f4a0decb474db88125a841a6b9eaac75d0efe0b0f84e603a48cf56ec1f53ae5b70a74171c2ce4abfa5d0399f626f038bba9d2ca901d5629192f24a76b09bc
  languageName: node
  linkType: hard

"ol-ext@npm:^4.0.11":
  version: 4.0.15
  resolution: "ol-ext@npm:4.0.15"
  peerDependencies:
    ol: ">= 5.3.0"
  checksum: 10/d9b313c3e4ed3d61ab4ad35b0be1fdf1456a2f253a581a2f9c28859ba0f22d8d86378ade6d8a18b4eb65c9916d9a277db2a1fde73aec4cbb816abe251d38e68a
  languageName: node
  linkType: hard

"ol@npm:^10.3.0":
  version: 10.3.0
  resolution: "ol@npm:10.3.0"
  dependencies:
    "@types/rbush": "npm:4.0.0"
    color-rgba: "npm:^3.0.0"
    color-space: "npm:^2.0.1"
    earcut: "npm:^3.0.0"
    geotiff: "npm:^2.1.3"
    pbf: "npm:4.0.1"
    rbush: "npm:^4.0.0"
  checksum: 10/729eb442cfdad59a1bda3c41b4e7a0f08040010ae119463682eb6aa8c140cebe0c3dce07c530d3f9f52f5662966286b27bc42d56890a4666e841b66e324193ee
  languageName: node
  linkType: hard

"pako@npm:^2.0.4":
  version: 2.1.0
  resolution: "pako@npm:2.1.0"
  checksum: 10/38a04991d0ec4f4b92794a68b8c92bf7340692c5d980255c92148da96eb3e550df7a86a7128b5ac0c65ecddfe5ef3bbe9c6dab13e1bc315086e759b18f7c1401
  languageName: node
  linkType: hard

"parse-headers@npm:^2.0.2":
  version: 2.0.5
  resolution: "parse-headers@npm:2.0.5"
  checksum: 10/210b13bc0f99cf6f1183896f01de164797ac35b2720c9f1c82a3e2ceab256f87b9048e8e16a14cfd1b75448771f8379cd564bd1674a179ab0168c90005d4981b
  languageName: node
  linkType: hard

"pbf@npm:4.0.1":
  version: 4.0.1
  resolution: "pbf@npm:4.0.1"
  dependencies:
    resolve-protobuf-schema: "npm:^2.1.0"
  bin:
    pbf: bin/pbf
  checksum: 10/9e2821fec1511cdaacf205c1279a33991119a2b8469208071d22e6204162dc8a4d216f647ce92759601e3d685fa913d4739278a86aa9ac126d04a1a3ac66bf12
  languageName: node
  linkType: hard

"proj4@npm:^2.9.0":
  version: 2.10.0
  resolution: "proj4@npm:2.10.0"
  dependencies:
    mgrs: "npm:1.0.0"
    wkt-parser: "npm:^1.3.3"
  checksum: 10/376a98aa267c98197109338f8693cf1621530745241549045f1e12d32417742e860435e8ab744dc8312ce1e352df48d45bb77fb9f706f260981e95e69a800b1b
  languageName: node
  linkType: hard

"protocol-buffers-schema@npm:^3.3.1":
  version: 3.6.0
  resolution: "protocol-buffers-schema@npm:3.6.0"
  checksum: 10/55a1caed123fb2385eae5ea4770dc36b3017d1fe2005ffb1ef20c97dadf43a91876238ebc23bc240ef1f8501d054bdd9d12992796e9abed18ddf958e4f942eea
  languageName: node
  linkType: hard

"quick-lru@npm:^6.1.1":
  version: 6.1.2
  resolution: "quick-lru@npm:6.1.2"
  checksum: 10/93e6f13bc038b619646792e240a8e2630be0aaeaf877bdda6e9357359314ddef04255876f981a4b6c01a22156bc40282b26f0ea5f81633423093db3c290679f1
  languageName: node
  linkType: hard

"quickselect@npm:^3.0.0":
  version: 3.0.0
  resolution: "quickselect@npm:3.0.0"
  checksum: 10/8f72bedb8bb14bce5c3767c55f567bc296fa3ca9d98ba385e3867e434463bc633feee1eddf3dfec17914b7e88feeb08c7b313cf47114a8ff11bf964f77f51cfc
  languageName: node
  linkType: hard

"rbush@npm:^4.0.0":
  version: 4.0.1
  resolution: "rbush@npm:4.0.1"
  dependencies:
    quickselect: "npm:^3.0.0"
  checksum: 10/8db2f9b464ee31cbb13237e762140c27f4de517a470d1639f840cc606b1f917f64f6273178b2f07c93d95c44cc068cc0c25c84ad40c4a483404e60d17c054eec
  languageName: node
  linkType: hard

"resolve-protobuf-schema@npm:^2.1.0":
  version: 2.1.0
  resolution: "resolve-protobuf-schema@npm:2.1.0"
  dependencies:
    protocol-buffers-schema: "npm:^3.3.1"
  checksum: 10/88fffab2a3757888884a36f9aa4e24be5186b01820a8c26297dc1ce406b9daf776594926bdf524c2c8e8e5b0aba8ac48362b6584cdecc9a7083215ebca01c599
  languageName: node
  linkType: hard

"robust-predicates@npm:^3.0.2":
  version: 3.0.2
  resolution: "robust-predicates@npm:3.0.2"
  checksum: 10/88bd7d45a6b89e88da2631d4c111aaaf0443de4d7078e9ab7f732245790a3645cf79bf91882a9740dbc959cf56ba75d5dced5bf2259410f8b6de19fd240cd08c
  languageName: node
  linkType: hard

"rw@npm:1":
  version: 1.3.3
  resolution: "rw@npm:1.3.3"
  checksum: 10/e90985d64777a00f4ab5f8c0bfea2fb5645c6bda5238840afa339c8a4f86f776e8ce83731155643a7425a0b27ce89077dab27b2f57519996ba4d2fe54cac1941
  languageName: node
  linkType: hard

"safer-buffer@npm:>= 2.1.2 < 3.0.0":
  version: 2.1.2
  resolution: "safer-buffer@npm:2.1.2"
  checksum: 10/7eaf7a0cf37cc27b42fb3ef6a9b1df6e93a1c6d98c6c6702b02fe262d5fcbd89db63320793b99b21cb5348097d0a53de81bd5f4e8b86e20cc9412e3f1cfb4e83
  languageName: node
  linkType: hard

"web-worker@npm:^1.2.0":
  version: 1.3.0
  resolution: "web-worker@npm:1.3.0"
  checksum: 10/9dd89763997a7fa4c50128bed088137775c6033cc2aead24fd82e8292991bb1d3ffc672b47df16eed86c9268d2bf230d5bb3e0d06f41a7b3c0c4c36abf4c1ba7
  languageName: node
  linkType: hard

"wkt-parser@npm:^1.3.3":
  version: 1.3.3
  resolution: "wkt-parser@npm:1.3.3"
  checksum: 10/1745f8ab839837d9df012112ebd914d935a462a1c8a590796ddefea549041ae03472a60c307b9079d08d92bd2e6a2f584300b11c372e6179306ee50e9985f79c
  languageName: node
  linkType: hard

"xml-utils@npm:^1.0.2":
  version: 1.7.0
  resolution: "xml-utils@npm:1.7.0"
  checksum: 10/cc152e7397a67c90dbbdc0145004027ef3486e8db0f243fb2937ee4454a9a5b766ed96d0d0f6fa7951c8ddce338bb436d9166b241b41208a3d6b8f1c76a6f5aa
  languageName: node
  linkType: hard

"zstddec@npm:^0.1.0":
  version: 0.1.0
  resolution: "zstddec@npm:0.1.0"
  checksum: 10/818d7a7b910509bed32a5ae42352dc45e87e4ee8470c27352859824540efceb9643864afbbb93564beb76822d72a946a6ee7cfbf01627ee34a1cd9656f2857b8
  languageName: node
  linkType: hard
